
Microsoft Visual Studio Solution File, Format Version 11.00
# Visual Basic Express 2010
Project("{F184B08F-C81C-45F6-A57F-5ABD9991F28F}") = "Tron3", "Tron3\Tron3.vbproj", "{CCED1F24-AD24-440A-BEF5-D851D22609A5}"
EndProject
Global
	GlobalSection(SolutionConfigurationPlatforms) = preSolution
		Debug|Any CPU = Debug|Any CPU
		Release|Any CPU = Release|Any CPU
	EndGlobalSection
	GlobalSection(ProjectConfigurationPlatforms) = postSolution
		{CCED1F24-AD24-440A-BEF5-D851D22609A5}.Debug|Any CPU.ActiveCfg = Debug|Any CPU
		{CCED1F24-AD24-440A-BEF5-D851D22609A5}.Debug|Any CPU.Build.0 = Debug|Any CPU
		{CCED1F24-AD24-440A-BEF5-D851D22609A5}.Release|Any CPU.ActiveCfg = Release|Any CPU
		{CCED1F24-AD24-440A-BEF5-D851D22609A5}.Release|Any CPU.Build.0 = Release|Any CPU
	EndGlobalSection
	GlobalSection(SolutionProperties) = preSolution
		HideSolutionNode = FALSE
	EndGlobalSection
EndGlobal
